// !$*UTF8*$!
{
	archiveVersion = 1;
	classes = {
	};
	objectVersion = 55;
	objects = {

/* Begin PBXBuildFile section */
		BA3006DF2730963000EBC58F /* QALabel.swift in Sources */ = {isa = PBXBuildFile; fileRef = BA3006DE2730963000EBC58F /* QALabel.swift */; };
		BA38D90B27301D3600725830 /* AnswerTableViewCell.swift in Sources */ = {isa = PBXBuildFile; fileRef = BA38D90A27301D3600725830 /* AnswerTableViewCell.swift */; };
		BA38D90D27301D7D00725830 /* QAButton.swift in Sources */ = {isa = PBXBuildFile; fileRef = BA38D90C27301D7D00725830 /* QAButton.swift */; };
		BA38D90F27301DC400725830 /* StartPageViewController.swift in Sources */ = {isa = PBXBuildFile; fileRef = BA38D90E27301DC400725830 /* StartPageViewController.swift */; };
		BA38D91127301EDA00725830 /* QAImageView.swift in Sources */ = {isa = PBXBuildFile; fileRef = BA38D91027301EDA00725830 /* QAImageView.swift */; };
		BA6E67BA2730BC0400317006 /* Result.swift in Sources */ = {isa = PBXBuildFile; fileRef = BA6E67B92730BC0400317006 /* Result.swift */; };
		BA6E67BC2730BF4100317006 /* Extensions.swift in Sources */ = {isa = PBXBuildFile; fileRef = BA6E67BB2730BF4000317006 /* Extensions.swift */; };
		BAE16AEA272F74FE00F54881 /* AppDelegate.swift in Sources */ = {isa = PBXBuildFile; fileRef = BAE16AE9272F74FE00F54881 /* AppDelegate.swift */; };
		BAE16AEC272F74FE00F54881 /* SceneDelegate.swift in Sources */ = {isa = PBXBuildFile; fileRef = BAE16AEB272F74FE00F54881 /* SceneDelegate.swift */; };
		BAE16AEE272F74FE00F54881 /* QuizPageViewController.swift in Sources */ = {isa = PBXBuildFile; fileRef = BAE16AED272F74FE00F54881 /* QuizPageViewController.swift */; };
		BAE16AF3272F74FE00F54881 /* Assets.xcassets in Resources */ = {isa = PBXBuildFile; fileRef = BAE16AF2272F74FE00F54881 /* Assets.xcassets */; };
		BAE16AF6272F74FE00F54881 /* LaunchScreen.storyboard in Resources */ = {isa = PBXBuildFile; fileRef = BAE16AF4272F74FE00F54881 /* LaunchScreen.storyboard */; };
		BAE16B04272F7F7A00F54881 /* Question.swift in Sources */ = {isa = PBXBuildFile; fileRef = BAE16B03272F7F7A00F54881 /* Question.swift */; };
		BAE16B06272F7FA300F54881 /* Answer.swift in Sources */ = {isa = PBXBuildFile; fileRef = BAE16B05272F7FA300F54881 /* Answer.swift */; };
		BAE16B08272F804A00F54881 /* QuizGame.swift in Sources */ = {isa = PBXBuildFile; fileRef = BAE16B07272F804A00F54881 /* QuizGame.swift */; };
		BAE16B0A272F8B6200F54881 /* QuizScoreViewController.swift in Sources */ = {isa = PBXBuildFile; fileRef = BAE16B09272F8B6200F54881 /* QuizScoreViewController.swift */; };
/* End PBXBuildFile section */

/* Begin PBXFileReference section */
		BA3006DE2730963000EBC58F /* QALabel.swift */ = {isa = PBXFileReference; lastKnownFileType = sourcecode.swift; path = QALabel.swift; sourceTree = "<group>"; };
		BA38D90A27301D3600725830 /* AnswerTableViewCell.swift */ = {isa = PBXFileReference; lastKnownFileType = sourcecode.swift; path = AnswerTableViewCell.swift; sourceTree = "<group>"; };
		BA38D90C27301D7D00725830 /* QAButton.swift */ = {isa = PBXFileReference; lastKnownFileType = sourcecode.swift; path = QAButton.swift; sourceTree = "<group>"; };
		BA38D90E27301DC400725830 /* StartPageViewController.swift */ = {isa = PBXFileReference; lastKnownFileType = sourcecode.swift; path = StartPageViewController.swift; sourceTree = "<group>"; };
		BA38D91027301EDA00725830 /* QAImageView.swift */ = {isa = PBXFileReference; lastKnownFileType = sourcecode.swift; path = QAImageView.swift; sourceTree = "<group>"; };
		BA6E67B92730BC0400317006 /* Result.swift */ = {isa = PBXFileReference; lastKnownFileType = sourcecode.swift; path = Result.swift; sourceTree = "<group>"; };
		BA6E67BB2730BF4000317006 /* Extensions.swift */ = {isa = PBXFileReference; lastKnownFileType = sourcecode.swift; path = Extensions.swift; sourceTree = "<group>"; };
		BAE16AE6272F74FE00F54881 /* QuizAppProject.app */ = {isa = PBXFileReference; explicitFileType = wrapper.application; includeInIndex = 0; path = QuizAppProject.app; sourceTree = BUILT_PRODUCTS_DIR; };
		BAE16AE9272F74FE00F54881 /* AppDelegate.swift */ = {isa = PBXFileReference; lastKnownFileType = sourcecode.swift; path = AppDelegate.swift; sourceTree = "<group>"; };
		BAE16AEB272F74FE00F54881 /* SceneDelegate.swift */ = {isa = PBXFileReference; lastKnownFileType = sourcecode.swift; path = SceneDelegate.swift; sourceTree = "<group>"; };
		BAE16AED272F74FE00F54881 /* QuizPageViewController.swift */ = {isa = PBXFileReference; lastKnownFileType = sourcecode.swift; path = QuizPageViewController.swift; sourceTree = "<group>"; };
		BAE16AF2272F74FE00F54881 /* Assets.xcassets */ = {isa = PBXFileReference; lastKnownFileType = folder.assetcatalog; path = Assets.xcassets; sourceTree = "<group>"; };
		BAE16AF5272F74FE00F54881 /* Base */ = {isa = PBXFileReference; lastKnownFileType = file.storyboard; name = Base; path = Base.lproj/LaunchScreen.storyboard; sourceTree = "<group>"; };
		BAE16AF7272F74FE00F54881 /* Info.plist */ = {isa = PBXFileReference; lastKnownFileType = text.plist.xml; path = Info.plist; sourceTree = "<group>"; };
		BAE16B03272F7F7A00F54881 /* Question.swift */ = {isa = PBXFileReference; lastKnownFileType = sourcecode.swift; path = Question.swift; sourceTree = "<group>"; };
		BAE16B05272F7FA300F54881 /* Answer.swift */ = {isa = PBXFileReference; lastKnownFileType = sourcecode.swift; path = Answer.swift; sourceTree = "<group>"; };
		BAE16B07272F804A00F54881 /* QuizGame.swift */ = {isa = PBXFileReference; lastKnownFileType = sourcecode.swift; path = QuizGame.swift; sourceTree = "<group>"; };
		BAE16B09272F8B6200F54881 /* QuizScoreViewController.swift */ = {isa = PBXFileReference; lastKnownFileType = sourcecode.swift; path = QuizScoreViewController.swift; sourceTree = "<group>"; };
/* End PBXFileReference section */

/* Begin PBXFrameworksBuildPhase section */
		BAE16AE3272F74FE00F54881 /* Frameworks */ = {
			isa = PBXFrameworksBuildPhase;
			buildActionMask = 2147483647;
			files = (
			);
			runOnlyForDeploymentPostprocessing = 0;
		};
/* End PBXFrameworksBuildPhase section */

/* Begin PBXGroup section */
		BAE16ADD272F74FE00F54881 = {
			isa = PBXGroup;
			children = (
				BAE16AE8272F74FE00F54881 /* QuizAppProject */,
				BAE16AE7272F74FE00F54881 /* Products */,
			);
			sourceTree = "<group>";
		};
		BAE16AE7272F74FE00F54881 /* Products */ = {
			isa = PBXGroup;
			children = (
				BAE16AE6272F74FE00F54881 /* QuizAppProject.app */,
			);
			name = Products;
			sourceTree = "<group>";
		};
		BAE16AE8272F74FE00F54881 /* QuizAppProject */ = {
			isa = PBXGroup;
			children = (
				BAE16B00272F757400F54881 /* Support */,
				BAE16AFE272F756100F54881 /* Model */,
				BAE16AFF272F756C00F54881 /* View */,
				BAE16AFD272F754800F54881 /* Controller */,
				BAE16AF2272F74FE00F54881 /* Assets.xcassets */,
				BAE16AF7272F74FE00F54881 /* Info.plist */,
			);
			path = QuizAppProject;
			sourceTree = "<group>";
		};
		BAE16AFD272F754800F54881 /* Controller */ = {
			isa = PBXGroup;
			children = (
				BA38D90E27301DC400725830 /* StartPageViewController.swift */,
				BAE16AED272F74FE00F54881 /* QuizPageViewController.swift */,
				BAE16B09272F8B6200F54881 /* QuizScoreViewController.swift */,
			);
			path = Controller;
			sourceTree = "<group>";
		};
		BAE16AFE272F756100F54881 /* Model */ = {
			isa = PBXGroup;
			children = (
				BAE16B03272F7F7A00F54881 /* Question.swift */,
				BAE16B05272F7FA300F54881 /* Answer.swift */,
				BA6E67B92730BC0400317006 /* Result.swift */,
				BAE16B07272F804A00F54881 /* QuizGame.swift */,
			);
			path = Model;
			sourceTree = "<group>";
		};
		BAE16AFF272F756C00F54881 /* View */ = {
			isa = PBXGroup;
			children = (
				BAE16AF4272F74FE00F54881 /* LaunchScreen.storyboard */,
				BA38D90A27301D3600725830 /* AnswerTableViewCell.swift */,
				BA38D90C27301D7D00725830 /* QAButton.swift */,
				BA38D91027301EDA00725830 /* QAImageView.swift */,
				BA3006DE2730963000EBC58F /* QALabel.swift */,
			);
			path = View;
			sourceTree = "<group>";
		};
		BAE16B00272F757400F54881 /* Support */ = {
			isa = PBXGroup;
			children = (
				BAE16AEB272F74FE00F54881 /* SceneDelegate.swift */,
				BAE16AE9272F74FE00F54881 /* AppDelegate.swift */,
				BA6E67BB2730BF4000317006 /* Extensions.swift */,
			);
			path = Support;
			sourceTree = "<group>";
		};
/* End PBXGroup section */

/* Begin PBXNativeTarget section */
		BAE16AE5272F74FE00F54881 /* QuizAppProject */ = {
			isa = PBXNativeTarget;
			buildConfigurationList = BAE16AFA272F74FF00F54881 /* Build configuration list for PBXNativeTarget "QuizAppProject" */;
			buildPhases = (
				BAE16AE2272F74FE00F54881 /* Sources */,
				BAE16AE3272F74FE00F54881 /* Frameworks */,
				BAE16AE4272F74FE00F54881 /* Resources */,
			);
			buildRules = (
			);
			dependencies = (
			);
			name = QuizAppProject;
			productName = QuizAppProject;
			productReference = BAE16AE6272F74FE00F54881 /* QuizAppProject.app */;
			productType = "com.apple.product-type.application";
		};
/* End PBXNativeTarget section */

/* Begin PBXProject section */
		BAE16ADE272F74FE00F54881 /* Project object */ = {
			isa = PBXProject;
			attributes = {
				BuildIndependentTargetsInParallel = 1;
				LastSwiftUpdateCheck = 1310;
				LastUpgradeCheck = 1310;
				TargetAttributes = {
					BAE16AE5272F74FE00F54881 = {
						CreatedOnToolsVersion = 13.1;
					};
				};
			};
			buildConfigurationList = BAE16AE1272F74FE00F54881 /* Build configuration list for PBXProject "QuizAppProject" */;
			compatibilityVersion = "Xcode 13.0";
			developmentRegion = en;
			hasScannedForEncodings = 0;
			knownRegions = (
				en,
				Base,
			);
			mainGroup = BAE16ADD272F74FE00F54881;
			productRefGroup = BAE16AE7272F74FE00F54881 /* Products */;
			projectDirPath = "";
			projectRoot = "";
			targets = (
				BAE16AE5272F74FE00F54881 /* QuizAppProject */,
			);
		};
/* End PBXProject section */

/* Begin PBXResourcesBuildPhase section */
		BAE16AE4272F74FE00F54881 /* Resources */ = {
			isa = PBXResourcesBuildPhase;
			buildActionMask = 2147483647;
			files = (
				BAE16AF6272F74FE00F54881 /* LaunchScreen.storyboard in Resources */,
				BAE16AF3272F74FE00F54881 /* Assets.xcassets in Resources */,
			);
			runOnlyForDeploymentPostprocessing = 0;
		};
/* End PBXResourcesBuildPhase section */

/* Begin PBXSourcesBuildPhase section */
		BAE16AE2272F74FE00F54881 /* Sources */ = {
			isa = PBXSourcesBuildPhase;
			buildActionMask = 2147483647;
			files = (
				BA38D90F27301DC400725830 /* StartPageViewController.swift in Sources */,
				BA6E67BA2730BC0400317006 /* Result.swift in Sources */,
				BAE16B08272F804A00F54881 /* QuizGame.swift in Sources */,
				BAE16B0A272F8B6200F54881 /* QuizScoreViewController.swift in Sources */,
				BA38D90D27301D7D00725830 /* QAButton.swift in Sources */,
				BAE16AEE272F74FE00F54881 /* QuizPageViewController.swift in Sources */,
				BAE16B04272F7F7A00F54881 /* Question.swift in Sources */,
				BAE16B06272F7FA300F54881 /* Answer.swift in Sources */,
				BAE16AEA272F74FE00F54881 /* AppDelegate.swift in Sources */,
				BAE16AEC272F74FE00F54881 /* SceneDelegate.swift in Sources */,
				BA38D90B27301D3600725830 /* AnswerTableViewCell.swift in Sources */,
				BA3006DF2730963000EBC58F /* QALabel.swift in Sources */,
				BA38D91127301EDA00725830 /* QAImageView.swift in Sources */,
				BA6E67BC2730BF4100317006 /* Extensions.swift in Sources */,
			);
			runOnlyForDeploymentPostprocessing = 0;
		};
/* End PBXSourcesBuildPhase section */

/* Begin PBXVariantGroup section */
		BAE16AF4272F74FE00F54881 /* LaunchScreen.storyboard */ = {
			isa = PBXVariantGroup;
			children = (
				BAE16AF5272F74FE00F54881 /* Base */,
			);
			name = LaunchScreen.storyboard;
			sourceTree = "<group>";
		};
/* End PBXVariantGroup section */

/* Begin XCBuildConfiguration section */
		BAE16AF8272F74FE00F54881 /* Debug */ = {
			isa = XCBuildConfiguration;
			buildSettings = {
				ALWAYS_SEARCH_USER_PATHS = NO;
				CLANG_ANALYZER_NONNULL = YES;
				CLANG_ANALYZER_NUMBER_OBJECT_CONVERSION = YES_AGGRESSIVE;
				CLANG_CXX_LANGUAGE_STANDARD = "gnu++17";
				CLANG_CXX_LIBRARY = "libc++";
				CLANG_ENABLE_MODULES = YES;
				CLANG_ENABLE_OBJC_ARC = YES;
				CLANG_ENABLE_OBJC_WEAK = YES;
				CLANG_WARN_BLOCK_CAPTURE_AUTORELEASING = YES;
				CLANG_WARN_BOOL_CONVERSION = YES;
				CLANG_WARN_COMMA = YES;
				CLANG_WARN_CONSTANT_CONVERSION = YES;
				CLANG_WARN_DEPRECATED_OBJC_IMPLEMENTATIONS = YES;
				CLANG_WARN_DIRECT_OBJC_ISA_USAGE = YES_ERROR;
				CLANG_WARN_DOCUMENTATION_COMMENTS = YES;
				CLANG_WARN_EMPTY_BODY = YES;
				CLANG_WARN_ENUM_CONVERSION = YES;
				CLANG_WARN_INFINITE_RECURSION = YES;
				CLANG_WARN_INT_CONVERSION = YES;
				CLANG_WARN_NON_LITERAL_NULL_CONVERSION = YES;
				CLANG_WARN_OBJC_IMPLICIT_RETAIN_SELF = YES;
				CLANG_WARN_OBJC_LITERAL_CONVERSION = YES;
				CLANG_WARN_OBJC_ROOT_CLASS = YES_ERROR;
				CLANG_WARN_QUOTED_INCLUDE_IN_FRAMEWORK_HEADER = YES;
				CLANG_WARN_RANGE_LOOP_ANALYSIS = YES;
				CLANG_WARN_STRICT_PROTOTYPES = YES;
				CLANG_WARN_SUSPICIOUS_MOVE = YES;
				CLANG_WARN_UNGUARDED_AVAILABILITY = YES_AGGRESSIVE;
				CLANG_WARN_UNREACHABLE_CODE = YES;
				CLANG_WARN__DUPLICATE_METHOD_MATCH = YES;
				COPY_PHASE_STRIP = NO;
				DEBUG_INFORMATION_FORMAT = dwarf;
				ENABLE_STRICT_OBJC_MSGSEND = YES;
				ENABLE_TESTABILITY = YES;
				GCC_C_LANGUAGE_STANDARD = gnu11;
				GCC_DYNAMIC_NO_PIC = NO;
				GCC_NO_COMMON_BLOCKS = YES;
				GCC_OPTIMIZATION_LEVEL = 0;
				GCC_PREPROCESSOR_DEFINITIONS = (
					"DEBUG=1",
					"$(inherited)",
				);
				GCC_WARN_64_TO_32_BIT_CONVERSION = YES;
				GCC_WARN_ABOUT_RETURN_TYPE = YES_ERROR;
				GCC_WARN_UNDECLARED_SELECTOR = YES;
				GCC_WARN_UNINITIALIZED_AUTOS = YES_AGGRESSIVE;
				GCC_WARN_UNUSED_FUNCTION = YES;
				GCC_WARN_UNUSED_VARIABLE = YES;
				IPHONEOS_DEPLOYMENT_TARGET = 15.0;
				MTL_ENABLE_DEBUG_INFO = INCLUDE_SOURCE;
				MTL_FAST_MATH = YES;
				ONLY_ACTIVE_ARCH = YES;
				SDKROOT = iphoneos;
				SWIFT_ACTIVE_COMPILATION_CONDITIONS = DEBUG;
				SWIFT_OPTIMIZATION_LEVEL = "-Onone";
			};
			name = Debug;
		};
		BAE16AF9272F74FF00F54881 /* Release */ = {
			isa = XCBuildConfiguration;
			buildSettings = {
				ALWAYS_SEARCH_USER_PATHS = NO;
				CLANG_ANALYZER_NONNULL = YES;
				CLANG_ANALYZER_NUMBER_OBJECT_CONVERSION = YES_AGGRESSIVE;
				CLANG_CXX_LANGUAGE_STANDARD = "gnu++17";
				CLANG_CXX_LIBRARY = "libc++";
				CLANG_ENABLE_MODULES = YES;
				CLANG_ENABLE_OBJC_ARC = YES;
				CLANG_ENABLE_OBJC_WEAK = YES;
				CLANG_WARN_BLOCK_CAPTURE_AUTORELEASING = YES;
				CLANG_WARN_BOOL_CONVERSION = YES;
				CLANG_WARN_COMMA = YES;
				CLANG_WARN_CONSTANT_CONVERSION = YES;
				CLANG_WARN_DEPRECATED_OBJC_IMPLEMENTATIONS = YES;
				CLANG_WARN_DIRECT_OBJC_ISA_USAGE = YES_ERROR;
				CLANG_WARN_DOCUMENTATION_COMMENTS = YES;
				CLANG_WARN_EMPTY_BODY = YES;
				CLANG_WARN_ENUM_CONVERSION = YES;
				CLANG_WARN_INFINITE_RECURSION = YES;
				CLANG_WARN_INT_CONVERSION = YES;
				CLANG_WARN_NON_LITERAL_NULL_CONVERSION = YES;
				CLANG_WARN_OBJC_IMPLICIT_RETAIN_SELF = YES;
				CLANG_WARN_OBJC_LITERAL_CONVERSION = YES;
				CLANG_WARN_OBJC_ROOT_CLASS = YES_ERROR;
				CLANG_WARN_QUOTED_INCLUDE_IN_FRAMEWORK_HEADER = YES;
				CLANG_WARN_RANGE_LOOP_ANALYSIS = YES;
				CLANG_WARN_STRICT_PROTOTYPES = YES;
				CLANG_WARN_SUSPICIOUS_MOVE = YES;
				CLANG_WARN_UNGUARDED_AVAILABILITY = YES_AGGRESSIVE;
				CLANG_WARN_UNREACHABLE_CODE = YES;
				CLANG_WARN__DUPLICATE_METHOD_MATCH = YES;
				COPY_PHASE_STRIP = NO;
				DEBUG_INFORMATION_FORMAT = "dwarf-with-dsym";
				ENABLE_NS_ASSERTIONS = NO;
				ENABLE_STRICT_OBJC_MSGSEND = YES;
				GCC_C_LANGUAGE_STANDARD = gnu11;
				GCC_NO_COMMON_BLOCKS = YES;
				GCC_WARN_64_TO_32_BIT_CONVERSION = YES;
				GCC_WARN_ABOUT_RETURN_TYPE = YES_ERROR;
				GCC_WARN_UNDECLARED_SELECTOR = YES;
				GCC_WARN_UNINITIALIZED_AUTOS = YES_AGGRESSIVE;
				GCC_WARN_UNUSED_FUNCTION = YES;
				GCC_WARN_UNUSED_VARIABLE = YES;
				IPHONEOS_DEPLOYMENT_TARGET = 15.0;
				MTL_ENABLE_DEBUG_INFO = NO;
				MTL_FAST_MATH = YES;
				SDKROOT = iphoneos;
				SWIFT_COMPILATION_MODE = wholemodule;
				SWIFT_OPTIMIZATION_LEVEL = "-O";
				VALIDATE_PRODUCT = YES;
			};
			name = Release;
		};
		BAE16AFB272F74FF00F54881 /* Debug */ = {
			isa = XCBuildConfiguration;
			buildSettings = {
				ASSETCATALOG_COMPILER_APPICON_NAME = AppIcon;
				ASSETCATALOG_COMPILER_GLOBAL_ACCENT_COLOR_NAME = AccentColor;
				CODE_SIGN_STYLE = Automatic;
				CURRENT_PROJECT_VERSION = 1;
				DEVELOPMENT_TEAM = B7BMA2TAJK;
				GENERATE_INFOPLIST_FILE = YES;
				INFOPLIST_FILE = QuizAppProject/Info.plist;
				INFOPLIST_KEY_CFBundleDisplayName = "Quiz App";
				INFOPLIST_KEY_UIApplicationSupportsIndirectInputEvents = YES;
				INFOPLIST_KEY_UILaunchStoryboardName = LaunchScreen;
				INFOPLIST_KEY_UISupportedInterfaceOrientations = "UIInterfaceOrientationPortrait UIInterfaceOrientationLandscapeLeft UIInterfaceOrientationLandscapeRight";
				INFOPLIST_KEY_UISupportedInterfaceOrientations_iPad = "UIInterfaceOrientationPortrait UIInterfaceOrientationPortraitUpsideDown UIInterfaceOrientationLandscapeLeft UIInterfaceOrientationLandscapeRight";
				INFOPLIST_KEY_UISupportedInterfaceOrientations_iPhone = "UIInterfaceOrientationPortrait UIInterfaceOrientationLandscapeLeft UIInterfaceOrientationLandscapeRight";
				LD_RUNPATH_SEARCH_PATHS = (
					"$(inherited)",
					"@executable_path/Frameworks",
				);
				MARKETING_VERSION = 1.0;
				PRODUCT_BUNDLE_IDENTIFIER = com.onurcansever.QuizAppProject;
				PRODUCT_NAME = "$(TARGET_NAME)";
				SWIFT_EMIT_LOC_STRINGS = YES;
				SWIFT_VERSION = 5.0;
				TARGETED_DEVICE_FAMILY = "1,2";
			};
			name = Debug;
		};
		BAE16AFC272F74FF00F54881 /* Release */ = {
			isa = XCBuildConfiguration;
			buildSettings = {
				ASSETCATALOG_COMPILER_APPICON_NAME = AppIcon;
				ASSETCATALOG_COMPILER_GLOBAL_ACCENT_COLOR_NAME = AccentColor;
				CODE_SIGN_STYLE = Automatic;
				CURRENT_PROJECT_VERSION = 1;
				DEVELOPMENT_TEAM = B7BMA2TAJK;
				GENERATE_INFOPLIST_FILE = YES;
				INFOPLIST_FILE = QuizAppProject/Info.plist;
				INFOPLIST_KEY_CFBundleDisplayName = "Quiz App";
				INFOPLIST_KEY_UIApplicationSupportsIndirectInputEvents = YES;
				INFOPLIST_KEY_UILaunchStoryboardName = LaunchScreen;
				INFOPLIST_KEY_UISupportedInterfaceOrientations = "UIInterfaceOrientationPortrait UIInterfaceOrientationLandscapeLeft UIInterfaceOrientationLandscapeRight";
				INFOPLIST_KEY_UISupportedInterfaceOrientations_iPad = "UIInterfaceOrientationPortrait UIInterfaceOrientationPortraitUpsideDown UIInterfaceOrientationLandscapeLeft UIInterfaceOrientationLandscapeRight";
				INFOPLIST_KEY_UISupportedInterfaceOrientations_iPhone = "UIInterfaceOrientationPortrait UIInterfaceOrientationLandscapeLeft UIInterfaceOrientationLandscapeRight";
				LD_RUNPATH_SEARCH_PATHS = (
					"$(inherited)",
					"@executable_path/Frameworks",
				);
				MARKETING_VERSION = 1.0;
				PRODUCT_BUNDLE_IDENTIFIER = com.onurcansever.QuizAppProject;
				PRODUCT_NAME = "$(TARGET_NAME)";
				SWIFT_EMIT_LOC_STRINGS = YES;
				SWIFT_VERSION = 5.0;
				TARGETED_DEVICE_FAMILY = "1,2";
			};
			name = Release;
		};
/* End XCBuildConfiguration section */

/* Begin XCConfigurationList section */
		BAE16AE1272F74FE00F54881 /* Build configuration list for PBXProject "QuizAppProject" */ = {
			isa = XCConfigurationList;
			buildConfigurations = (
				BAE16AF8272F74FE00F54881 /* Debug */,
				BAE16AF9272F74FF00F54881 /* Release */,
			);
			defaultConfigurationIsVisible = 0;
			defaultConfigurationName = Release;
		};
		BAE16AFA272F74FF00F54881 /* Build configuration list for PBXNativeTarget "QuizAppProject" */ = {
			isa = XCConfigurationList;
			buildConfigurations = (
				BAE16AFB272F74FF00F54881 /* Debug */,
				BAE16AFC272F74FF00F54881 /* Release */,
			);
			defaultConfigurationIsVisible = 0;
			defaultConfigurationName = Release;
		};
/* End XCConfigurationList section */
	};
	rootObject = BAE16ADE272F74FE00F54881 /* Project object */;
}
